
Microsoft Visual Studio Solution File, Format Version 12.00
# Visual Studio Version 17
VisualStudioVersion = 17.0.31314.256
MinimumVisualStudioVersion = 10.0.40219.1
Project("{2150E333-8FDC-42A3-9474-1A3956D46DE8}") = "Engine", "Engine", "{94A6C6F3-99B3-346E-9557-ABF9D4064DBD}"
EndProject
Project("{2150E333-8FDC-42A3-9474-1A3956D46DE8}") = "Games", "Games", "{8E2F6A87-1826-34F4-940C-CC23A48F9FE4}"
EndProject
Project("{8BC9CEB8-8B4A-11D0-8D11-00A0C91BC942}") = "Ship_Elvis", "Intermediate\ProjectFiles\Ship_Elvis.vcxproj", "{4361B651-8C17-4546-8DAF-975848C0AACF}"
EndProject
Project("{8BC9CEB8-8B4A-11D0-8D11-00A0C91BC942}") = "UE4", "Intermediate\ProjectFiles\UE4.vcxproj", "{309E7CCF-1669-441E-8E83-EBA1D1C477B1}"
EndProject
Project("{2150E333-8FDC-42A3-9474-1A3956D46DE8}") = "Visualizers", "Visualizers", "{1CCEC849-CC72-4C59-8C36-2F7C38706D4C}"
	ProjectSection(SolutionItems) = preProject
		..\..\juegazo\UE_4.27\Engine\Extras\VisualStudioDebugging\UE4.natvis = ..\..\juegazo\UE_4.27\Engine\Extras\VisualStudioDebugging\UE4.natvis
	EndProjectSection
EndProject
Global
	GlobalSection(SolutionConfigurationPlatforms) = preSolution
		DebugGame Editor|Win32 = DebugGame Editor|Win32
		DebugGame Editor|Win64 = DebugGame Editor|Win64
		DebugGame|Win32 = DebugGame|Win32
		DebugGame|Win64 = DebugGame|Win64
		Development Editor|Win32 = Development Editor|Win32
		Development Editor|Win64 = Development Editor|Win64
		Development|Win32 = Development|Win32
		Development|Win64 = Development|Win64
		Shipping|Win32 = Shipping|Win32
		Shipping|Win64 = Shipping|Win64
	EndGlobalSection
	# Visual Assist Section
	GlobalSection(44630d46-96b5-488c-8df926e21db8c1a3) = preSolution
		ueSolution=true
	EndGlobalSection
	GlobalSection(ProjectConfigurationPlatforms) = postSolution
		{4361B651-8C17-4546-8DAF-975848C0AACF}.DebugGame Editor|Win32.ActiveCfg = Invalid|Win32
		{4361B651-8C17-4546-8DAF-975848C0AACF}.DebugGame Editor|Win64.ActiveCfg = DebugGame_Editor|x64
		{4361B651-8C17-4546-8DAF-975848C0AACF}.DebugGame Editor|Win64.Build.0 = DebugGame_Editor|x64
		{4361B651-8C17-4546-8DAF-975848C0AACF}.DebugGame|Win32.ActiveCfg = DebugGame|Win32
		{4361B651-8C17-4546-8DAF-975848C0AACF}.DebugGame|Win32.Build.0 = DebugGame|Win32
		{4361B651-8C17-4546-8DAF-975848C0AACF}.DebugGame|Win64.ActiveCfg = DebugGame|x64
		{4361B651-8C17-4546-8DAF-975848C0AACF}.DebugGame|Win64.Build.0 = DebugGame|x64
		{4361B651-8C17-4546-8DAF-975848C0AACF}.Development Editor|Win32.ActiveCfg = Invalid|Win32
		{4361B651-8C17-4546-8DAF-975848C0AACF}.Development Editor|Win64.ActiveCfg = Development_Editor|x64
		{4361B651-8C17-4546-8DAF-975848C0AACF}.Development Editor|Win64.Build.0 = Development_Editor|x64
		{4361B651-8C17-4546-8DAF-975848C0AACF}.Development|Win32.ActiveCfg = Development|Win32
		{4361B651-8C17-4546-8DAF-975848C0AACF}.Development|Win32.Build.0 = Development|Win32
		{4361B651-8C17-4546-8DAF-975848C0AACF}.Development|Win64.ActiveCfg = Development|x64
		{4361B651-8C17-4546-8DAF-975848C0AACF}.Development|Win64.Build.0 = Development|x64
		{4361B651-8C17-4546-8DAF-975848C0AACF}.Shipping|Win32.ActiveCfg = Shipping|Win32
		{4361B651-8C17-4546-8DAF-975848C0AACF}.Shipping|Win32.Build.0 = Shipping|Win32
		{4361B651-8C17-4546-8DAF-975848C0AACF}.Shipping|Win64.ActiveCfg = Shipping|x64
		{4361B651-8C17-4546-8DAF-975848C0AACF}.Shipping|Win64.Build.0 = Shipping|x64
		{309E7CCF-1669-441E-8E83-EBA1D1C477B1}.DebugGame Editor|Win32.ActiveCfg = BuiltWithUnrealBuildTool|Win32
		{309E7CCF-1669-441E-8E83-EBA1D1C477B1}.DebugGame Editor|Win64.ActiveCfg = BuiltWithUnrealBuildTool|Win32
		{309E7CCF-1669-441E-8E83-EBA1D1C477B1}.DebugGame|Win32.ActiveCfg = BuiltWithUnrealBuildTool|Win32
		{309E7CCF-1669-441E-8E83-EBA1D1C477B1}.DebugGame|Win64.ActiveCfg = BuiltWithUnrealBuildTool|Win32
		{309E7CCF-1669-441E-8E83-EBA1D1C477B1}.Development Editor|Win32.ActiveCfg = BuiltWithUnrealBuildTool|Win32
		{309E7CCF-1669-441E-8E83-EBA1D1C477B1}.Development Editor|Win64.ActiveCfg = BuiltWithUnrealBuildTool|Win32
		{309E7CCF-1669-441E-8E83-EBA1D1C477B1}.Development|Win32.ActiveCfg = BuiltWithUnrealBuildTool|Win32
		{309E7CCF-1669-441E-8E83-EBA1D1C477B1}.Development|Win64.ActiveCfg = BuiltWithUnrealBuildTool|Win32
		{309E7CCF-1669-441E-8E83-EBA1D1C477B1}.Shipping|Win32.ActiveCfg = BuiltWithUnrealBuildTool|Win32
		{309E7CCF-1669-441E-8E83-EBA1D1C477B1}.Shipping|Win64.ActiveCfg = BuiltWithUnrealBuildTool|Win32
	EndGlobalSection
	GlobalSection(SolutionProperties) = preSolution
		HideSolutionNode = FALSE
	EndGlobalSection
	GlobalSection(NestedProjects) = preSolution
		{309E7CCF-1669-441E-8E83-EBA1D1C477B1} = {94A6C6F3-99B3-346E-9557-ABF9D4064DBD}
		{4361B651-8C17-4546-8DAF-975848C0AACF} = {8E2F6A87-1826-34F4-940C-CC23A48F9FE4}
	EndGlobalSection
EndGlobal
